
Microsoft Visual Studio Solution File, Format Version 12.00
# Visual Studio Version 17
VisualStudioVersion = 17.3.32714.290
MinimumVisualStudioVersion = 10.0.40219.1
Project("{2150E333-8FDC-42A3-9474-1A3956D46DE8}") = "src", "src", "{D9B918C0-B95D-40C1-BA18-EF8C936FA854}"
EndProject
Project("{2150E333-8FDC-42A3-9474-1A3956D46DE8}") = "tests", "tests", "{F0EB054F-5DF0-49F1-92F8-66C638FE95FA}"
EndProject
Project("{2150E333-8FDC-42A3-9474-1A3956D46DE8}") = "core", "core", "{69669A6F-EBCA-4CFF-85E0-038F88A1F865}"
EndProject
Project("{2150E333-8FDC-42A3-9474-1A3956D46DE8}") = "API", "API", "{93EFC97D-2734-4C57-9614-0ED43BD176B5}"
EndProject
Project("{2150E333-8FDC-42A3-9474-1A3956D46DE8}") = "Infrastructure", "Infrastructure", "{50DD2D6B-5245-4AC3-AA20-727AC16ACAB2}"
EndProject
Project("{2150E333-8FDC-42A3-9474-1A3956D46DE8}") = "UI", "UI", "{FA92C5C5-0975-4D33-9471-5560FCD2D24B}"
EndProject
Project("{9A19103F-16F7-4668-BE54-9A1E7A4F7556}") = "Csharp.CRUD.Domain", "src\core\Csharp.CRUD.Domain\Csharp.CRUD.Domain.csproj", "{872A259E-ED38-4A5E-952C-230D6BBF91C5}"
EndProject
Project("{9A19103F-16F7-4668-BE54-9A1E7A4F7556}") = "Csharp.CRUD.Application", "src\core\Csharp.CRUD.Application\Csharp.CRUD.Application.csproj", "{A19781E6-363F-4E2B-BFD2-D0D211500003}"
EndProject
Project("{9A19103F-16F7-4668-BE54-9A1E7A4F7556}") = "Csharp.CRUD.Persistence", "src\Infrastructure\Csharp.CRUD.Persistence\Csharp.CRUD.Persistence.csproj", "{10E3C5D5-7B32-4A92-AAC6-289E7407A547}"
EndProject
Project("{9A19103F-16F7-4668-BE54-9A1E7A4F7556}") = "Csharp.CRUD.API", "src\API\Csharp.CRUD.API\Csharp.CRUD.API.csproj", "{0F70B45B-BCFF-4655-8B18-9DAC449F08E1}"
EndProject
Project("{9A19103F-16F7-4668-BE54-9A1E7A4F7556}") = "Csharp.CRUD.Tests", "tests\Csharp.CRUD.Tests\Csharp.CRUD.Tests.csproj", "{8CB1651D-A204-4D8A-AAE9-196FEF49958B}"
EndProject
Project("{E53339B2-1760-4266-BCC7-CA923CBCF16C}") = "docker-compose", "docker-compose.dcproj", "{D418CD27-8097-46FB-B596-41F7556D9AD0}"
EndProject
Project("{2150E333-8FDC-42A3-9474-1A3956D46DE8}") = "Solution Items", "Solution Items", "{809FFDFB-9C17-4BDB-8A27-69683C30196B}"
	ProjectSection(SolutionItems) = preProject
		ReadMe.md = ReadMe.md
	EndProjectSection
EndProject
Global
	GlobalSection(SolutionConfigurationPlatforms) = preSolution
		Debug|Any CPU = Debug|Any CPU
		Release|Any CPU = Release|Any CPU
	EndGlobalSection
	GlobalSection(ProjectConfigurationPlatforms) = postSolution
		{872A259E-ED38-4A5E-952C-230D6BBF91C5}.Debug|Any CPU.ActiveCfg = Debug|Any CPU
		{872A259E-ED38-4A5E-952C-230D6BBF91C5}.Debug|Any CPU.Build.0 = Debug|Any CPU
		{872A259E-ED38-4A5E-952C-230D6BBF91C5}.Release|Any CPU.ActiveCfg = Release|Any CPU
		{872A259E-ED38-4A5E-952C-230D6BBF91C5}.Release|Any CPU.Build.0 = Release|Any CPU
		{A19781E6-363F-4E2B-BFD2-D0D211500003}.Debug|Any CPU.ActiveCfg = Debug|Any CPU
		{A19781E6-363F-4E2B-BFD2-D0D211500003}.Debug|Any CPU.Build.0 = Debug|Any CPU
		{A19781E6-363F-4E2B-BFD2-D0D211500003}.Release|Any CPU.ActiveCfg = Release|Any CPU
		{A19781E6-363F-4E2B-BFD2-D0D211500003}.Release|Any CPU.Build.0 = Release|Any CPU
		{10E3C5D5-7B32-4A92-AAC6-289E7407A547}.Debug|Any CPU.ActiveCfg = Debug|Any CPU
		{10E3C5D5-7B32-4A92-AAC6-289E7407A547}.Debug|Any CPU.Build.0 = Debug|Any CPU
		{10E3C5D5-7B32-4A92-AAC6-289E7407A547}.Release|Any CPU.ActiveCfg = Release|Any CPU
		{10E3C5D5-7B32-4A92-AAC6-289E7407A547}.Release|Any CPU.Build.0 = Release|Any CPU
		{0F70B45B-BCFF-4655-8B18-9DAC449F08E1}.Debug|Any CPU.ActiveCfg = Debug|Any CPU
		{0F70B45B-BCFF-4655-8B18-9DAC449F08E1}.Debug|Any CPU.Build.0 = Debug|Any CPU
		{0F70B45B-BCFF-4655-8B18-9DAC449F08E1}.Release|Any CPU.ActiveCfg = Release|Any CPU
		{0F70B45B-BCFF-4655-8B18-9DAC449F08E1}.Release|Any CPU.Build.0 = Release|Any CPU
		{8CB1651D-A204-4D8A-AAE9-196FEF49958B}.Debug|Any CPU.ActiveCfg = Debug|Any CPU
		{8CB1651D-A204-4D8A-AAE9-196FEF49958B}.Debug|Any CPU.Build.0 = Debug|Any CPU
		{8CB1651D-A204-4D8A-AAE9-196FEF49958B}.Release|Any CPU.ActiveCfg = Release|Any CPU
		{8CB1651D-A204-4D8A-AAE9-196FEF49958B}.Release|Any CPU.Build.0 = Release|Any CPU
		{D418CD27-8097-46FB-B596-41F7556D9AD0}.Debug|Any CPU.ActiveCfg = Debug|Any CPU
		{D418CD27-8097-46FB-B596-41F7556D9AD0}.Debug|Any CPU.Build.0 = Debug|Any CPU
		{D418CD27-8097-46FB-B596-41F7556D9AD0}.Release|Any CPU.ActiveCfg = Release|Any CPU
		{D418CD27-8097-46FB-B596-41F7556D9AD0}.Release|Any CPU.Build.0 = Release|Any CPU
	EndGlobalSection
	GlobalSection(SolutionProperties) = preSolution
		HideSolutionNode = FALSE
	EndGlobalSection
	GlobalSection(NestedProjects) = preSolution
		{69669A6F-EBCA-4CFF-85E0-038F88A1F865} = {D9B918C0-B95D-40C1-BA18-EF8C936FA854}
		{93EFC97D-2734-4C57-9614-0ED43BD176B5} = {D9B918C0-B95D-40C1-BA18-EF8C936FA854}
		{50DD2D6B-5245-4AC3-AA20-727AC16ACAB2} = {D9B918C0-B95D-40C1-BA18-EF8C936FA854}
		{FA92C5C5-0975-4D33-9471-5560FCD2D24B} = {D9B918C0-B95D-40C1-BA18-EF8C936FA854}
		{872A259E-ED38-4A5E-952C-230D6BBF91C5} = {69669A6F-EBCA-4CFF-85E0-038F88A1F865}
		{A19781E6-363F-4E2B-BFD2-D0D211500003} = {69669A6F-EBCA-4CFF-85E0-038F88A1F865}
		{10E3C5D5-7B32-4A92-AAC6-289E7407A547} = {50DD2D6B-5245-4AC3-AA20-727AC16ACAB2}
		{0F70B45B-BCFF-4655-8B18-9DAC449F08E1} = {93EFC97D-2734-4C57-9614-0ED43BD176B5}
		{8CB1651D-A204-4D8A-AAE9-196FEF49958B} = {F0EB054F-5DF0-49F1-92F8-66C638FE95FA}
	EndGlobalSection
	GlobalSection(ExtensibilityGlobals) = postSolution
		SolutionGuid = {C9A191DC-2AB0-4786-B85A-52757FEF5892}
	EndGlobalSection
EndGlobal
